
Microsoft Visual Studio Solution File, Format Version 12.00
# Visual Studio 15
VisualStudioVersion = 15.0.28307.421
MinimumVisualStudioVersion = 10.0.40219.1
Project("{FAE04EC0-301F-11D3-BF4B-00C04F79EFBC}") = "NativeLibraryManager", "NativeLibraryManager\NativeLibraryManager.csproj", "{06FC4D35-1CD8-4AA1-ABCF-C322C16FE786}"
EndProject
Project("{FAE04EC0-301F-11D3-BF4B-00C04F79EFBC}") = "UnitTests", "UnitTests\UnitTests.csproj", "{19BCA17B-731C-4DB4-AD59-14C315481FCE}"
EndProject
Project("{FAE04EC0-301F-11D3-BF4B-00C04F79EFBC}") = "TestProcess", "TestProcess\TestProcess.csproj", "{4D30A6BF-E6E2-4052-9FEA-F8E174E48480}"
EndProject
Global
	GlobalSection(SolutionConfigurationPlatforms) = preSolution
		Debug|Any CPU = Debug|Any CPU
		Release|Any CPU = Release|Any CPU
	EndGlobalSection
	GlobalSection(ProjectConfigurationPlatforms) = postSolution
		{06FC4D35-1CD8-4AA1-ABCF-C322C16FE786}.Debug|Any CPU.ActiveCfg = Debug|Any CPU
		{06FC4D35-1CD8-4AA1-ABCF-C322C16FE786}.Debug|Any CPU.Build.0 = Debug|Any CPU
		{06FC4D35-1CD8-4AA1-ABCF-C322C16FE786}.Release|Any CPU.ActiveCfg = Release|Any CPU
		{06FC4D35-1CD8-4AA1-ABCF-C322C16FE786}.Release|Any CPU.Build.0 = Release|Any CPU
		{19BCA17B-731C-4DB4-AD59-14C315481FCE}.Debug|Any CPU.ActiveCfg = Debug|Any CPU
		{19BCA17B-731C-4DB4-AD59-14C315481FCE}.Debug|Any CPU.Build.0 = Debug|Any CPU
		{19BCA17B-731C-4DB4-AD59-14C315481FCE}.Release|Any CPU.ActiveCfg = Release|Any CPU
		{19BCA17B-731C-4DB4-AD59-14C315481FCE}.Release|Any CPU.Build.0 = Release|Any CPU
		{4D30A6BF-E6E2-4052-9FEA-F8E174E48480}.Debug|Any CPU.ActiveCfg = Debug|Any CPU
		{4D30A6BF-E6E2-4052-9FEA-F8E174E48480}.Debug|Any CPU.Build.0 = Debug|Any CPU
		{4D30A6BF-E6E2-4052-9FEA-F8E174E48480}.Release|Any CPU.ActiveCfg = Release|Any CPU
		{4D30A6BF-E6E2-4052-9FEA-F8E174E48480}.Release|Any CPU.Build.0 = Release|Any CPU
	EndGlobalSection
	GlobalSection(SolutionProperties) = preSolution
		HideSolutionNode = FALSE
	EndGlobalSection
	GlobalSection(ExtensibilityGlobals) = postSolution
		SolutionGuid = {5E387DB9-699C-4CD8-A939-7C87609C0405}
	EndGlobalSection
EndGlobal
